
Microsoft Visual Studio Solution File, Format Version 12.00
# Visual Studio 15
VisualStudioVersion = 15.0.26730.15
MinimumVisualStudioVersion = 10.0.40219.1
Project("{FAE04EC0-301F-11D3-BF4B-00C04F79EFBC}") = "HotelAssignment", "HotelAssignment\HotelAssignment.csproj", "{3C1EC9AD-1937-45AD-86D5-F2E0237C7496}"
EndProject
Global
	GlobalSection(SolutionConfigurationPlatforms) = preSolution
		Debug|Any CPU = Debug|Any CPU
		Release|Any CPU = Release|Any CPU
	EndGlobalSection
	GlobalSection(ProjectConfigurationPlatforms) = postSolution
		{3C1EC9AD-1937-45AD-86D5-F2E0237C7496}.Debug|Any CPU.ActiveCfg = Debug|Any CPU
		{3C1EC9AD-1937-45AD-86D5-F2E0237C7496}.Debug|Any CPU.Build.0 = Debug|Any CPU
		{3C1EC9AD-1937-45AD-86D5-F2E0237C7496}.Release|Any CPU.ActiveCfg = Release|Any CPU
		{3C1EC9AD-1937-45AD-86D5-F2E0237C7496}.Release|Any CPU.Build.0 = Release|Any CPU
	EndGlobalSection
	GlobalSection(SolutionProperties) = preSolution
		HideSolutionNode = FALSE
	EndGlobalSection
	GlobalSection(ExtensibilityGlobals) = postSolution
		SolutionGuid = {5714BF1C-FA1C-4065-B63A-CB04B1A87734}
	EndGlobalSection
EndGlobal
